NeoBundleLock YouCompleteMe 0352ed9b1f8f6bb4b9cdc1c164b564573243aecc
NeoBundleLock auto-ctags.vim 8b0c0412b04e68d1867fddf342e84e6bd82f91ec
NeoBundleLock ctrlp.vim b5d3fe66a58a13d2ff8b6391f4387608496a030f
NeoBundleLock fzf 2c4f71d85b2ac8dab1e270f0648387b9e099c2ec
NeoBundleLock jsx.vim 69bd6479465f332779e603b6ebda386a1cd49668
NeoBundleLock lightline.vim 616837f44e4606257f134e6cf3f9cd4e8098019a
NeoBundleLock matchit 060d9d8aa381d6a650b649d38c992b59db3ed1a3
NeoBundleLock neobundle.vim 77fd6c8734420335c5ebe8098d67ac425157c0a4
NeoBundleLock nerdcommenter 1f4bfd59920c101a30a74a07b824608a6e65f3fe
NeoBundleLock nerdtree 0b44415a3302030b56755cc1135ca9ca57dc1ada
NeoBundleLock rb_nav 1644317120518da1c082b5c120ba9505e1ef04b0
NeoBundleLock ruby-matchit c4d8079287fc8d804d2a92bcb66964d673666540
NeoBundleLock syntastic 03c058ea52d5c77ce6335f0ab16aa6559a3082ca
NeoBundleLock vim-autoformat-rails de14ba589bbfe46ceb24cc0eea71de770c74f4ff
NeoBundleLock vim-bundler b42217a20cd4cac5a00096dc4e98d2497c21b3fe
NeoBundleLock vim-endwise f06abe3d6eca6f6ebfc31ea3163a51575f450df6
NeoBundleLock vim-forrestgump 7820fc217c18289a0dfb8c03f892d93cedbab134
NeoBundleLock vim-fugitive f8aa87a4b5551052a41e25af80609e4624dcd58a
NeoBundleLock vim-gitgutter b18e23cdfa082dee7da8a2466db5a66907491e5b
NeoBundleLock vim-go 8f11f67bc8383f010f7cf8bd6490fdbeaa444f4e
NeoBundleLock vim-javascript 1d8c2677d26d6b3950b90dc1636e63334c8efc3b
NeoBundleLock vim-jsx c6d0fd7d4d9d1e26c7643d02bb9abe5db91903c8
NeoBundleLock vim-less 6fae407f7ed666a6dd0fb596e67df8787dccca59
NeoBundleLock vim-multiple-cursors 73a78c926ad208bd1984e575ceece276d61a1404
NeoBundleLock vim-rails e25769a7f42d86b38d6ee87350ff2f6a37e68258
NeoBundleLock vim-repeat 7a6675f092842c8f81e71d5345bd7cdbf3759415
NeoBundleLock vim-rspec 2cf8c5002cb89eb8e9aabe59d25b89dc5afec88a
NeoBundleLock vim-ruby 7944cd3f40a7710a98ea5248d076b9f87b86cf4d
NeoBundleLock vim-surround 2d05440ad23f97a7874ebd9b5de3a0e65d25d85c
NeoBundleLock vim-tmux-focus-events eccc2f54cd6f006840c20cc017ef79c4eb431cd9
NeoBundleLock vim-tmux-navigator 754871fc6e523133921cb4f72b26111ff61cd7dd
NeoBundleLock vim-unimpaired 23f471ad0f00e2fab097f9d67ffd770881d4b35a
NeoBundleLock vimproc.vim c40f7e77e6ff0586ff6951e7cf479b3dc81bb69d
NeoBundleLock vitality.vim 4bb8c078c3a9a23f8af5db1dd95832faa802a1a9
